
Microsoft Visual Studio Solution File, Format Version 12.00
# Visual Studio Version 17
VisualStudioVersion = 17.14.36518.9 d17.14
MinimumVisualStudioVersion = 10.0.40219.1
Project("{FAE04EC0-301F-11D3-BF4B-00C04F79EFBC}") = "client_one_shop", "client_one_shop\client_one_shop.csproj", "{396FBD7B-6E74-4D82-975C-1B93D9AC4850}"
EndProject
Global
	GlobalSection(SolutionConfigurationPlatforms) = preSolution
		Debug|Any CPU = Debug|Any CPU
		Release|Any CPU = Release|Any CPU
	EndGlobalSection
	GlobalSection(ProjectConfigurationPlatforms) = postSolution
		{396FBD7B-6E74-4D82-975C-1B93D9AC4850}.Debug|Any CPU.ActiveCfg = Debug|Any CPU
		{396FBD7B-6E74-4D82-975C-1B93D9AC4850}.Debug|Any CPU.Build.0 = Debug|Any CPU
		{396FBD7B-6E74-4D82-975C-1B93D9AC4850}.Release|Any CPU.ActiveCfg = Release|Any CPU
		{396FBD7B-6E74-4D82-975C-1B93D9AC4850}.Release|Any CPU.Build.0 = Release|Any CPU
	EndGlobalSection
	GlobalSection(SolutionProperties) = preSolution
		HideSolutionNode = FALSE
	EndGlobalSection
	GlobalSection(ExtensibilityGlobals) = postSolution
		SolutionGuid = {21C118A5-CC53-47C5-A5D8-991DAAFBCB30}
	EndGlobalSection
EndGlobal
